Microsoft Visual Studio Solution File, Format Version 12.00
# Visual Studio 15
VisualStudioVersion = 15.0.28307.1000
MinimumVisualStudioVersion = 10.0.40219.1
Project("{2150E333-8FDC-42A3-9474-1A3956D46DE8}") = "Solution Items", "Solution Items", "{48D1F11F-5B5E-4429-8BFE-A693B633DA7B}"
	ProjectSection(SolutionItems) = preProject
		README.md = README.md
	EndProjectSection
EndProject
Project("{FAE04EC0-301F-11D3-BF4B-00C04F79EFBC}") = "CAS.Windows.Forms", "CAS.Windows.Forms\CAS.Windows.Forms.csproj", "{90F8CF13-2D55-4497-BFD9-BC84E82F50EE}"
EndProject
Project("{FAE04EC0-301F-11D3-BF4B-00C04F79EFBC}") = "CAS.Windows.Forms.UnitTests", "CAS.Windows.Forms.UnitTests\CAS.Windows.Forms.UnitTests.csproj", "{6AC85A36-DD69-4E7A-B4E1-A3A5E5FC2F4B}"
EndProject
Project("{FAE04EC0-301F-11D3-BF4B-00C04F79EFBC}") = "CAS.Windows.Forms.Scripts", "CAS.Windows.Forms.Scripts\CAS.Windows.Forms.Scripts.csproj", "{9980473B-E30A-4DD9-91FC-15126D050E68}"
EndProject
Project("{FAE04EC0-301F-11D3-BF4B-00C04F79EFBC}") = "Windows.GUIAbstractions", "Windows.GUIAbstractions\Windows.GUIAbstractions.csproj", "{787AF5F5-847A-4CB9-BDC0-A8B1959CD031}"
EndProject
Global
	GlobalSection(SolutionConfigurationPlatforms) = preSolution
		Debug|Any CPU = Debug|Any CPU
		Debug|x64 = Debug|x64
		Release|Any CPU = Release|Any CPU
		Release|x64 = Release|x64
	EndGlobalSection
	GlobalSection(ProjectConfigurationPlatforms) = postSolution
		{90F8CF13-2D55-4497-BFD9-BC84E82F50EE}.Debug|Any CPU.ActiveCfg = Debug|Any CPU
		{90F8CF13-2D55-4497-BFD9-BC84E82F50EE}.Debug|Any CPU.Build.0 = Debug|Any CPU
		{90F8CF13-2D55-4497-BFD9-BC84E82F50EE}.Debug|x64.ActiveCfg = Debug|x64
		{90F8CF13-2D55-4497-BFD9-BC84E82F50EE}.Debug|x64.Build.0 = Debug|x64
		{90F8CF13-2D55-4497-BFD9-BC84E82F50EE}.Release|Any CPU.ActiveCfg = Release|Any CPU
		{90F8CF13-2D55-4497-BFD9-BC84E82F50EE}.Release|Any CPU.Build.0 = Release|Any CPU
		{90F8CF13-2D55-4497-BFD9-BC84E82F50EE}.Release|x64.ActiveCfg = Release|x64
		{90F8CF13-2D55-4497-BFD9-BC84E82F50EE}.Release|x64.Build.0 = Release|x64
		{6AC85A36-DD69-4E7A-B4E1-A3A5E5FC2F4B}.Debug|Any CPU.ActiveCfg = Debug|Any CPU
		{6AC85A36-DD69-4E7A-B4E1-A3A5E5FC2F4B}.Debug|Any CPU.Build.0 = Debug|Any CPU
		{6AC85A36-DD69-4E7A-B4E1-A3A5E5FC2F4B}.Debug|x64.ActiveCfg = Debug|x64
		{6AC85A36-DD69-4E7A-B4E1-A3A5E5FC2F4B}.Debug|x64.Build.0 = Debug|x64
		{6AC85A36-DD69-4E7A-B4E1-A3A5E5FC2F4B}.Release|Any CPU.ActiveCfg = Release|Any CPU
		{6AC85A36-DD69-4E7A-B4E1-A3A5E5FC2F4B}.Release|Any CPU.Build.0 = Release|Any CPU
		{6AC85A36-DD69-4E7A-B4E1-A3A5E5FC2F4B}.Release|x64.ActiveCfg = Release|x64
		{6AC85A36-DD69-4E7A-B4E1-A3A5E5FC2F4B}.Release|x64.Build.0 = Release|x64
		{9980473B-E30A-4DD9-91FC-15126D050E68}.Debug|Any CPU.ActiveCfg = Debug|Any CPU
		{9980473B-E30A-4DD9-91FC-15126D050E68}.Debug|Any CPU.Build.0 = Debug|Any CPU
		{9980473B-E30A-4DD9-91FC-15126D050E68}.Debug|x64.ActiveCfg = Debug|Any CPU
		{9980473B-E30A-4DD9-91FC-15126D050E68}.Debug|x64.Build.0 = Debug|Any CPU
		{9980473B-E30A-4DD9-91FC-15126D050E68}.Release|Any CPU.ActiveCfg = Release|Any CPU
		{9980473B-E30A-4DD9-91FC-15126D050E68}.Release|Any CPU.Build.0 = Release|Any CPU
		{9980473B-E30A-4DD9-91FC-15126D050E68}.Release|x64.ActiveCfg = Release|Any CPU
		{9980473B-E30A-4DD9-91FC-15126D050E68}.Release|x64.Build.0 = Release|Any CPU
		{787AF5F5-847A-4CB9-BDC0-A8B1959CD031}.Debug|Any CPU.ActiveCfg = Debug|Any CPU
		{787AF5F5-847A-4CB9-BDC0-A8B1959CD031}.Debug|Any CPU.Build.0 = Debug|Any CPU
		{787AF5F5-847A-4CB9-BDC0-A8B1959CD031}.Debug|x64.ActiveCfg = Debug|Any CPU
		{787AF5F5-847A-4CB9-BDC0-A8B1959CD031}.Debug|x64.Build.0 = Debug|Any CPU
		{787AF5F5-847A-4CB9-BDC0-A8B1959CD031}.Release|Any CPU.ActiveCfg = Release|Any CPU
		{787AF5F5-847A-4CB9-BDC0-A8B1959CD031}.Release|Any CPU.Build.0 = Release|Any CPU
		{787AF5F5-847A-4CB9-BDC0-A8B1959CD031}.Release|x64.ActiveCfg = Release|Any CPU
		{787AF5F5-847A-4CB9-BDC0-A8B1959CD031}.Release|x64.Build.0 = Release|Any CPU
	EndGlobalSection
	GlobalSection(SolutionProperties) = preSolution
		HideSolutionNode = FALSE
	EndGlobalSection
	GlobalSection(ExtensibilityGlobals) = postSolution
		SolutionGuid = {ACA5A22C-C6AF-4CE0-9B20-47A442ED8017}
	EndGlobalSection
EndGlobal
