Microsoft Visual Studio Solution File, Format Version 12.00
# Visual Studio 14
VisualStudioVersion = 14.0.25420.1
MinimumVisualStudioVersion = 10.0.40219.1
Project("{2150E333-8FDC-42A3-9474-1A3956D46DE8}") = "Solution Items", "Solution Items", "{48D1F11F-5B5E-4429-8BFE-A693B633DA7B}"
EndProject
Project("{FAE04EC0-301F-11D3-BF4B-00C04F79EFBC}") = "Scripts", "Scripts\Scripts.csproj", "{64E78726-BC5B-4014-B8CE-5CC2881B97B4}"
EndProject
Project("{FAE04EC0-301F-11D3-BF4B-00C04F79EFBC}") = "CAS.Windows.Forms", "CAS.Windows.Forms\CAS.Windows.Forms.csproj", "{90F8CF13-2D55-4497-BFD9-BC84E82F50EE}"
EndProject
Project("{FAE04EC0-301F-11D3-BF4B-00C04F79EFBC}") = "CAS.Windows.Forms.UnitTests", "CAS.Windows.Forms.UnitTests\CAS.Windows.Forms.UnitTests.csproj", "{6AC85A36-DD69-4E7A-B4E1-A3A5E5FC2F4B}"
EndProject
Project("{FAE04EC0-301F-11D3-BF4B-00C04F79EFBC}") = "T4Definitions", "..\PR39-CommonResources\T4Definitions\T4Definitions.csproj", "{D506423B-BA21-49E6-8C3B-88A771CA444E}"
EndProject
Global
	GlobalSection(SolutionConfigurationPlatforms) = preSolution
		Debug|Any CPU = Debug|Any CPU
		Debug|Mixed Platforms = Debug|Mixed Platforms
		Debug|Win32 = Debug|Win32
		Release|Any CPU = Release|Any CPU
		Release|Mixed Platforms = Release|Mixed Platforms
		Release|Win32 = Release|Win32
	EndGlobalSection
	GlobalSection(ProjectConfigurationPlatforms) = postSolution
		{64E78726-BC5B-4014-B8CE-5CC2881B97B4}.Debug|Any CPU.ActiveCfg = Debug|Any CPU
		{64E78726-BC5B-4014-B8CE-5CC2881B97B4}.Debug|Any CPU.Build.0 = Debug|Any CPU
		{64E78726-BC5B-4014-B8CE-5CC2881B97B4}.Debug|Mixed Platforms.ActiveCfg = Debug|Any CPU
		{64E78726-BC5B-4014-B8CE-5CC2881B97B4}.Debug|Mixed Platforms.Build.0 = Debug|Any CPU
		{64E78726-BC5B-4014-B8CE-5CC2881B97B4}.Debug|Win32.ActiveCfg = Debug|Any CPU
		{64E78726-BC5B-4014-B8CE-5CC2881B97B4}.Release|Any CPU.ActiveCfg = Release|Any CPU
		{64E78726-BC5B-4014-B8CE-5CC2881B97B4}.Release|Any CPU.Build.0 = Release|Any CPU
		{64E78726-BC5B-4014-B8CE-5CC2881B97B4}.Release|Mixed Platforms.ActiveCfg = Release|Any CPU
		{64E78726-BC5B-4014-B8CE-5CC2881B97B4}.Release|Mixed Platforms.Build.0 = Release|Any CPU
		{64E78726-BC5B-4014-B8CE-5CC2881B97B4}.Release|Win32.ActiveCfg = Release|Any CPU
		{90F8CF13-2D55-4497-BFD9-BC84E82F50EE}.Debug|Any CPU.ActiveCfg = Debug|Any CPU
		{90F8CF13-2D55-4497-BFD9-BC84E82F50EE}.Debug|Any CPU.Build.0 = Debug|Any CPU
		{90F8CF13-2D55-4497-BFD9-BC84E82F50EE}.Debug|Mixed Platforms.ActiveCfg = Debug|Any CPU
		{90F8CF13-2D55-4497-BFD9-BC84E82F50EE}.Debug|Mixed Platforms.Build.0 = Debug|Any CPU
		{90F8CF13-2D55-4497-BFD9-BC84E82F50EE}.Debug|Win32.ActiveCfg = Debug|Any CPU
		{90F8CF13-2D55-4497-BFD9-BC84E82F50EE}.Debug|Win32.Build.0 = Debug|Any CPU
		{90F8CF13-2D55-4497-BFD9-BC84E82F50EE}.Release|Any CPU.ActiveCfg = Release|Any CPU
		{90F8CF13-2D55-4497-BFD9-BC84E82F50EE}.Release|Any CPU.Build.0 = Release|Any CPU
		{90F8CF13-2D55-4497-BFD9-BC84E82F50EE}.Release|Mixed Platforms.ActiveCfg = Release|Any CPU
		{90F8CF13-2D55-4497-BFD9-BC84E82F50EE}.Release|Mixed Platforms.Build.0 = Release|Any CPU
		{90F8CF13-2D55-4497-BFD9-BC84E82F50EE}.Release|Win32.ActiveCfg = Release|Any CPU
		{90F8CF13-2D55-4497-BFD9-BC84E82F50EE}.Release|Win32.Build.0 = Release|Any CPU
		{6AC85A36-DD69-4E7A-B4E1-A3A5E5FC2F4B}.Debug|Any CPU.ActiveCfg = Debug|Any CPU
		{6AC85A36-DD69-4E7A-B4E1-A3A5E5FC2F4B}.Debug|Any CPU.Build.0 = Debug|Any CPU
		{6AC85A36-DD69-4E7A-B4E1-A3A5E5FC2F4B}.Debug|Mixed Platforms.ActiveCfg = Debug|Any CPU
		{6AC85A36-DD69-4E7A-B4E1-A3A5E5FC2F4B}.Debug|Mixed Platforms.Build.0 = Debug|Any CPU
		{6AC85A36-DD69-4E7A-B4E1-A3A5E5FC2F4B}.Debug|Win32.ActiveCfg = Debug|Any CPU
		{6AC85A36-DD69-4E7A-B4E1-A3A5E5FC2F4B}.Debug|Win32.Build.0 = Debug|Any CPU
		{6AC85A36-DD69-4E7A-B4E1-A3A5E5FC2F4B}.Release|Any CPU.ActiveCfg = Release|Any CPU
		{6AC85A36-DD69-4E7A-B4E1-A3A5E5FC2F4B}.Release|Any CPU.Build.0 = Release|Any CPU
		{6AC85A36-DD69-4E7A-B4E1-A3A5E5FC2F4B}.Release|Mixed Platforms.ActiveCfg = Release|Any CPU
		{6AC85A36-DD69-4E7A-B4E1-A3A5E5FC2F4B}.Release|Mixed Platforms.Build.0 = Release|Any CPU
		{6AC85A36-DD69-4E7A-B4E1-A3A5E5FC2F4B}.Release|Win32.ActiveCfg = Release|Any CPU
		{6AC85A36-DD69-4E7A-B4E1-A3A5E5FC2F4B}.Release|Win32.Build.0 = Release|Any CPU
		{D506423B-BA21-49E6-8C3B-88A771CA444E}.Debug|Any CPU.ActiveCfg = Debug|Any CPU
		{D506423B-BA21-49E6-8C3B-88A771CA444E}.Debug|Any CPU.Build.0 = Debug|Any CPU
		{D506423B-BA21-49E6-8C3B-88A771CA444E}.Debug|Mixed Platforms.ActiveCfg = Debug|Any CPU
		{D506423B-BA21-49E6-8C3B-88A771CA444E}.Debug|Mixed Platforms.Build.0 = Debug|Any CPU
		{D506423B-BA21-49E6-8C3B-88A771CA444E}.Debug|Win32.ActiveCfg = Debug|Any CPU
		{D506423B-BA21-49E6-8C3B-88A771CA444E}.Debug|Win32.Build.0 = Debug|Any CPU
		{D506423B-BA21-49E6-8C3B-88A771CA444E}.Release|Any CPU.ActiveCfg = Release|Any CPU
		{D506423B-BA21-49E6-8C3B-88A771CA444E}.Release|Any CPU.Build.0 = Release|Any CPU
		{D506423B-BA21-49E6-8C3B-88A771CA444E}.Release|Mixed Platforms.ActiveCfg = Release|Any CPU
		{D506423B-BA21-49E6-8C3B-88A771CA444E}.Release|Mixed Platforms.Build.0 = Release|Any CPU
		{D506423B-BA21-49E6-8C3B-88A771CA444E}.Release|Win32.ActiveCfg = Release|Any CPU
		{D506423B-BA21-49E6-8C3B-88A771CA444E}.Release|Win32.Build.0 = Release|Any CPU
	EndGlobalSection
	GlobalSection(SolutionProperties) = preSolution
		HideSolutionNode = FALSE
	EndGlobalSection
	GlobalSection(NestedProjects) = preSolution
		{D506423B-BA21-49E6-8C3B-88A771CA444E} = {48D1F11F-5B5E-4429-8BFE-A693B633DA7B}
	EndGlobalSection
EndGlobal
